<?xml version="1.0" encoding="utf-8"?>
<Project ToolsVersion="4.0" xmlns="http://schemas.microsoft.com/developer/msbuild/2003">
  <ItemGroup>
    <Filter Include="Source Files">
      <UniqueIdentifier>{4FC737F1-C7A5-4376-A066-2A32D752A2FF}</UniqueIdentifier>
      <Extensions>cpp;c;cc;cxx;c++;cppm;ixx;def;odl;idl;hpj;bat;asm;asmx</Extensions>
    </Filter>
    <Filter Include="Header Files">
      <UniqueIdentifier>{93995380-89BD-4b04-88EB-625FBE52EBFB}</UniqueIdentifier>
      <Extensions>h;hh;hpp;hxx;h++;hm;inl;inc;ipp;xsd</Extensions>
    </Filter>
    <Filter Include="Resource Files">
      <UniqueIdentifier>{67DA6AB6-F800-4c08-8B7A-83BB121AAD01}</UniqueIdentifier>
      <Extensions>rc;ico;cur;bmp;dlg;rc2;rct;bin;rgs;gif;jpg;jpeg;jpe;resx;tiff;tif;png;wav;mfcribbon-ms</Extensions>
    </Filter>
  </ItemGroup>
  <ItemGroup>
    <ClCompile Include="Main.cpp">
      <Filter>Source Files</Filter>
    </ClCompile>
    <ClCompile Include="Menus\MainMenu.cpp">
      <Filter>Source Files</Filter>
    </ClCompile>
    <ClCompile Include="Menus\IMenu.cpp">
      <Filter>Source Files</Filter>
    </ClCompile>
    <ClCompile Include="Menus\HistorialMenu.cpp">
      <Filter>Source Files</Filter>
    </ClCompile>
    <ClCompile Include="View\View.cpp">
      <Filter>Source Files</Filter>
    </ClCompile>
    <ClCompile Include="Presenter\Presenter.cpp">
      <Filter>Source Files</Filter>
    </ClCompile>
    <ClCompile Include="Menus\CotizarMenu.cpp">
      <Filter>Source Files</Filter>
    </ClCompile>
    <ClCompile Include="Prendas\IPrenda.cpp">
      <Filter>Source Files</Filter>
    </ClCompile>
    <ClCompile Include="Prendas\Pantalon.cpp">
      <Filter>Source Files</Filter>
    </ClCompile>
    <ClCompile Include="Prendas\Camisa.cpp">
      <Filter>Source Files</Filter>
    </ClCompile>
    <ClCompile Include="Store\Store.cpp">
      <Filter>Source Files</Filter>
    </ClCompile>
    <ClCompile Include="Prendas\PrendaFactory.cpp">
      <Filter>Source Files</Filter>
    </ClCompile>
    <ClCompile Include="Prendas\EPrendaType.cpp">
      <Filter>Source Files</Filter>
    </ClCompile>
    <ClCompile Include="Menus\StepsMenu.cpp">
      <Filter>Source Files</Filter>
    </ClCompile>
    <ClCompile Include="Store\Vendedor.cpp">
      <Filter>Source Files</Filter>
    </ClCompile>
    <ClCompile Include="Store\History.cpp">
      <Filter>Source Files</Filter>
    </ClCompile>
    <ClCompile Include="Prendas\Decorators\MangaCorta.cpp">
      <Filter>Source Files</Filter>
    </ClCompile>
    <ClCompile Include="Prendas\Decorators\CuelloMao.cpp">
      <Filter>Source Files</Filter>
    </ClCompile>
    <ClCompile Include="Prendas\Decorators\Chupin.cpp">
      <Filter>Source Files</Filter>
    </ClCompile>
    <ClCompile Include="Prendas\Decorators\Premium.cpp">
      <Filter>Source Files</Filter>
    </ClCompile>
    <ClCompile Include="Prendas\Decorators\PrendaDecorator.cpp">
      <Filter>Source Files</Filter>
    </ClCompile>
    <ClCompile Include="Menus\ErrorMenu.cpp">
      <Filter>Source Files</Filter>
    </ClCompile>
  </ItemGroup>
  <ItemGroup>
    <ClInclude Include="Menus\MainMenu.h">
      <Filter>Header Files</Filter>
    </ClInclude>
    <ClInclude Include="Menus\IMenu.h">
      <Filter>Header Files</Filter>
    </ClInclude>
    <ClInclude Include="Menus\HistorialMenu.h">
      <Filter>Header Files</Filter>
    </ClInclude>
    <ClInclude Include="View\View.h">
      <Filter>Header Files</Filter>
    </ClInclude>
    <ClInclude Include="Presenter\Presenter.h">
      <Filter>Header Files</Filter>
    </ClInclude>
    <ClInclude Include="Menus\CotizarMenu.h">
      <Filter>Header Files</Filter>
    </ClInclude>
    <ClInclude Include="Prendas\IPrenda.h">
      <Filter>Header Files</Filter>
    </ClInclude>
    <ClInclude Include="Prendas\Pantalon.h">
      <Filter>Header Files</Filter>
    </ClInclude>
    <ClInclude Include="Prendas\Camisa.h">
      <Filter>Header Files</Filter>
    </ClInclude>
    <ClInclude Include="Store\Store.h">
      <Filter>Header Files</Filter>
    </ClInclude>
    <ClInclude Include="Prendas\SPrendaChoice.h">
      <Filter>Header Files</Filter>
    </ClInclude>
    <ClInclude Include="Prendas\EPrendaType.h">
      <Filter>Header Files</Filter>
    </ClInclude>
    <ClInclude Include="Prendas\PrendaFactory.h">
      <Filter>Header Files</Filter>
    </ClInclude>
    <ClInclude Include="Menus\StepsMenu.h">
      <Filter>Header Files</Filter>
    </ClInclude>
    <ClInclude Include="Store\Vendedor.h">
      <Filter>Header Files</Filter>
    </ClInclude>
    <ClInclude Include="Store\History.h">
      <Filter>Header Files</Filter>
    </ClInclude>
    <ClInclude Include="Prendas\Decorators\MangaCorta.h">
      <Filter>Header Files</Filter>
    </ClInclude>
    <ClInclude Include="Prendas\Decorators\CuelloMao.h">
      <Filter>Header Files</Filter>
    </ClInclude>
    <ClInclude Include="Prendas\Decorators\Chupin.h">
      <Filter>Header Files</Filter>
    </ClInclude>
    <ClInclude Include="Prendas\Decorators\Premium.h">
      <Filter>Header Files</Filter>
    </ClInclude>
    <ClInclude Include="Prendas\Decorators\PrendaDecorator.h">
      <Filter>Header Files</Filter>
    </ClInclude>
    <ClInclude Include="Menus\ErrorMenu.h">
      <Filter>Header Files</Filter>
    </ClInclude>
    <ClInclude Include="Store\SHistoryData.h">
      <Filter>Header Files</Filter>
    </ClInclude>
  </ItemGroup>
</Project>